
Microsoft Visual Studio Solution File, Format Version 12.00
# Visual Studio Version 17
VisualStudioVersion = 17.5.33414.496
MinimumVisualStudioVersion = 10.0.40219.1
Project("{FAE04EC0-301F-11D3-BF4B-00C04F79EFBC}") = "DataFlowGenerator", "DataFlowGenerator\DataFlowGenerator.csproj", "{26A586D7-6E84-4479-9E02-A8D5521A6BF9}"
EndProject
Global
	GlobalSection(SolutionConfigurationPlatforms) = preSolution
		Debug|Any CPU = Debug|Any CPU
		Release|Any CPU = Release|Any CPU
	EndGlobalSection
	GlobalSection(ProjectConfigurationPlatforms) = postSolution
		{26A586D7-6E84-4479-9E02-A8D5521A6BF9}.Debug|Any CPU.ActiveCfg = Debug|Any CPU
		{26A586D7-6E84-4479-9E02-A8D5521A6BF9}.Debug|Any CPU.Build.0 = Debug|Any CPU
		{26A586D7-6E84-4479-9E02-A8D5521A6BF9}.Release|Any CPU.ActiveCfg = Release|Any CPU
		{26A586D7-6E84-4479-9E02-A8D5521A6BF9}.Release|Any CPU.Build.0 = Release|Any CPU
	EndGlobalSection
	GlobalSection(SolutionProperties) = preSolution
		HideSolutionNode = FALSE
	EndGlobalSection
	GlobalSection(ExtensibilityGlobals) = postSolution
		SolutionGuid = {258EEEF4-57B9-4A16-9BA9-5579B6162C12}
	EndGlobalSection
EndGlobal
